# This file is autogenerated, do not edit; changes may be undone by the next 'dep ensure'.


[[projects]]
  branch = "master"
  name = "github.com/aodin/date"
  packages = ["."]
  revision = "c5f6146fc644cedc004c6d9e419094a60a6f653e"

[[projects]]
  name = "github.com/satori/go.uuid"
  packages = ["."]
  revision = "879c5887cd475cd7864858769793b2ceb0d44feb"
  version = "v1.1.0"

[[projects]]
  branch = "master"
  name = "golang.org/x/text"
  packages = ["currency","internal","internal/format","internal/gen","internal/tag","language","unicode/cldr"]
  revision = "e56139fd9c5bc7244c76116c68e500765bb6db6b"

[solve-meta]
  analyzer-name = "dep"
  analyzer-version = 1
  inputs-digest = "eb1536a43b048854631b651c5d38ffcd4309a1de6bf658dd48e481bf14f536d3"
  solver-name = "gps-cdcl"
  solver-version = 1
